
Microsoft Visual Studio Solution File, Format Version 12.00
# Visual Studio Version 17
VisualStudioVersion = 17.10.34928.147
MinimumVisualStudioVersion = 10.0.40219.1
Project("{9A19103F-16F7-4668-BE54-9A1E7A4F7556}") = "BookRentalManagementSystem_V1", "BookRentalManagementSystem_V1.csproj", "{3E5B92B1-B2ED-4982-B30C-58D56BBCB3CC}"
EndProject
Global
	GlobalSection(SolutionConfigurationPlatforms) = preSolution
		Debug|Any CPU = Debug|Any CPU
		Release|Any CPU = Release|Any CPU
	EndGlobalSection
	GlobalSection(ProjectConfigurationPlatforms) = postSolution
		{3E5B92B1-B2ED-4982-B30C-58D56BBCB3CC}.Debug|Any CPU.ActiveCfg = Debug|Any CPU
		{3E5B92B1-B2ED-4982-B30C-58D56BBCB3CC}.Debug|Any CPU.Build.0 = Debug|Any CPU
		{3E5B92B1-B2ED-4982-B30C-58D56BBCB3CC}.Release|Any CPU.ActiveCfg = Release|Any CPU
		{3E5B92B1-B2ED-4982-B30C-58D56BBCB3CC}.Release|Any CPU.Build.0 = Release|Any CPU
	EndGlobalSection
	GlobalSection(SolutionProperties) = preSolution
		HideSolutionNode = FALSE
	EndGlobalSection
	GlobalSection(ExtensibilityGlobals) = postSolution
		SolutionGuid = {4B2E966F-F9EF-4B6E-9E47-6363B07311E1}
	EndGlobalSection
EndGlobal
